
Microsoft Visual Studio Solution File, Format Version 12.00
# Visual Studio Version 16
VisualStudioVersion = 16.0.30621.155
MinimumVisualStudioVersion = 10.0.40219.1
Project("{FAE04EC0-301F-11D3-BF4B-00C04F79EFBC}") = "asp-net-core-init", "asp-net-core-init.csproj", "{919F6F02-4AEE-46C2-B4EB-DD40D72FA924}"
EndProject
Global
	GlobalSection(SolutionConfigurationPlatforms) = preSolution
		Debug|Any CPU = Debug|Any CPU
		Release|Any CPU = Release|Any CPU
	EndGlobalSection
	GlobalSection(ProjectConfigurationPlatforms) = postSolution
		{919F6F02-4AEE-46C2-B4EB-DD40D72FA924}.Debug|Any CPU.ActiveCfg = Debug|Any CPU
		{919F6F02-4AEE-46C2-B4EB-DD40D72FA924}.Debug|Any CPU.Build.0 = Debug|Any CPU
		{919F6F02-4AEE-46C2-B4EB-DD40D72FA924}.Release|Any CPU.ActiveCfg = Release|Any CPU
		{919F6F02-4AEE-46C2-B4EB-DD40D72FA924}.Release|Any CPU.Build.0 = Release|Any CPU
	EndGlobalSection
	GlobalSection(SolutionProperties) = preSolution
		HideSolutionNode = FALSE
	EndGlobalSection
	GlobalSection(ExtensibilityGlobals) = postSolution
		SolutionGuid = {BC401B10-58B2-4BA3-8BAF-7BE90ADC5870}
	EndGlobalSection
EndGlobal
